
Microsoft Visual Studio Solution File, Format Version 12.00
# Visual Studio Version 16
VisualStudioVersion = 16.0.31321.278
MinimumVisualStudioVersion = 10.0.40219.1
Project("{9A19103F-16F7-4668-BE54-9A1E7A4F7556}") = "Academy.Api", "AcademyProject\Academy.Api.csproj", "{902BC201-D09B-4B49-8882-6EDA1A281258}"
EndProject
Project("{FAE04EC0-301F-11D3-BF4B-00C04F79EFBC}") = "Academy.Core", "AcademyCore\Academy.Core.csproj", "{1303AC6E-BA05-4BFA-AD86-587B9DB56FCF}"
EndProject
Project("{FAE04EC0-301F-11D3-BF4B-00C04F79EFBC}") = "Academy.Core.Test", "Academy.Core.Test\Academy.Core.Test.csproj", "{8D06743A-7BAC-48DD-8CE4-2F7E4DBEF979}"
EndProject
Global
	GlobalSection(SolutionConfigurationPlatforms) = preSolution
		Debug|Any CPU = Debug|Any CPU
		Release|Any CPU = Release|Any CPU
	EndGlobalSection
	GlobalSection(ProjectConfigurationPlatforms) = postSolution
		{902BC201-D09B-4B49-8882-6EDA1A281258}.Debug|Any CPU.ActiveCfg = Debug|Any CPU
		{902BC201-D09B-4B49-8882-6EDA1A281258}.Debug|Any CPU.Build.0 = Debug|Any CPU
		{902BC201-D09B-4B49-8882-6EDA1A281258}.Release|Any CPU.ActiveCfg = Release|Any CPU
		{902BC201-D09B-4B49-8882-6EDA1A281258}.Release|Any CPU.Build.0 = Release|Any CPU
		{1303AC6E-BA05-4BFA-AD86-587B9DB56FCF}.Debug|Any CPU.ActiveCfg = Debug|Any CPU
		{1303AC6E-BA05-4BFA-AD86-587B9DB56FCF}.Debug|Any CPU.Build.0 = Debug|Any CPU
		{1303AC6E-BA05-4BFA-AD86-587B9DB56FCF}.Release|Any CPU.ActiveCfg = Release|Any CPU
		{1303AC6E-BA05-4BFA-AD86-587B9DB56FCF}.Release|Any CPU.Build.0 = Release|Any CPU
		{8D06743A-7BAC-48DD-8CE4-2F7E4DBEF979}.Debug|Any CPU.ActiveCfg = Debug|Any CPU
		{8D06743A-7BAC-48DD-8CE4-2F7E4DBEF979}.Debug|Any CPU.Build.0 = Debug|Any CPU
		{8D06743A-7BAC-48DD-8CE4-2F7E4DBEF979}.Release|Any CPU.ActiveCfg = Release|Any CPU
		{8D06743A-7BAC-48DD-8CE4-2F7E4DBEF979}.Release|Any CPU.Build.0 = Release|Any CPU
	EndGlobalSection
	GlobalSection(SolutionProperties) = preSolution
		HideSolutionNode = FALSE
	EndGlobalSection
	GlobalSection(ExtensibilityGlobals) = postSolution
		SolutionGuid = {4C012073-742A-4467-A0E7-4DB86AFD8758}
	EndGlobalSection
EndGlobal
